// !$*UTF8*$!
{
	archiveVersion = 1;
	classes = {
	};
	objectVersion = 45;
	objects = {

/* Begin PBXBuildFile section */
		8DC2EF530486A6940098B216 /* InfoPlist.strings in Resources */ = {isa = PBXBuildFile; fileRef = 089C1666FE841158C02AAC07 /* InfoPlist.strings */; };
		C62200C910F1559A00A207C0 /* LEPAbstractAttachment.m in Sources */ = {isa = PBXBuildFile; fileRef = C62200C810F1559A00A207C0 /* LEPAbstractAttachment.m */; };
		C62200CB10F155A300A207C0 /* LEPAbstractMessage.m in Sources */ = {isa = PBXBuildFile; fileRef = C62200CA10F155A300A207C0 /* LEPAbstractMessage.m */; };
		C62200CD10F155AE00A207C0 /* LEPAttachment.m in Sources */ = {isa = PBXBuildFile; fileRef = C62200CC10F155AE00A207C0 /* LEPAttachment.m */; };
		C62200FA10F1588B00A207C0 /* LEPMessage.m in Sources */ = {isa = PBXBuildFile; fileRef = C62200F910F1588B00A207C0 /* LEPMessage.m */; };
		C622010810F15B8F00A207C0 /* LEPUtils.h in Headers */ = {isa = PBXBuildFile; fileRef = C622010710F15B8F00A207C0 /* LEPUtils.h */; };
		C622010A10F1600500A207C0 /* LEPUtils.m in Sources */ = {isa = PBXBuildFile; fileRef = C622010910F1600500A207C0 /* LEPUtils.m */; };
		C622012D10F1650600A207C0 /* LEPConstants.h in Headers */ = {isa = PBXBuildFile; fileRef = C622012C10F1650600A207C0 /* LEPConstants.h */; };
		C63C935611037309006B5066 /* libetpan.a in Frameworks */ = {isa = PBXBuildFile; fileRef = C63C92BA110372F7006B5066 /* libetpan.a */; };
		C655A78210F11344009E6B45 /* LEPAbstractAttachment.h in Headers */ = {isa = PBXBuildFile; fileRef = C655A77010F11344009E6B45 /* LEPAbstractAttachment.h */; };
		C655A78310F11344009E6B45 /* LEPAbstractMessage.h in Headers */ = {isa = PBXBuildFile; fileRef = C655A77110F11344009E6B45 /* LEPAbstractMessage.h */; };
		C655A78410F11344009E6B45 /* LEPAttachment.h in Headers */ = {isa = PBXBuildFile; fileRef = C655A77210F11344009E6B45 /* LEPAttachment.h */; };
		C655A78A10F11344009E6B45 /* LEPMessage.h in Headers */ = {isa = PBXBuildFile; fileRef = C655A77810F11344009E6B45 /* LEPMessage.h */; };
		C673583111067D07004D4928 /* LEPIMAPCreateFolderRequest.h in Headers */ = {isa = PBXBuildFile; fileRef = C673582F11067D07004D4928 /* LEPIMAPCreateFolderRequest.h */; };
		C673583211067D07004D4928 /* LEPIMAPCreateFolderRequest.m in Sources */ = {isa = PBXBuildFile; fileRef = C673583011067D07004D4928 /* LEPIMAPCreateFolderRequest.m */; };
		C673586C11067E32004D4928 /* LEPIMAPDeleteFolderRequest.h in Headers */ = {isa = PBXBuildFile; fileRef = C673586A11067E32004D4928 /* LEPIMAPDeleteFolderRequest.h */; };
		C673586D11067E32004D4928 /* LEPIMAPDeleteFolderRequest.m in Sources */ = {isa = PBXBuildFile; fileRef = C673586B11067E32004D4928 /* LEPIMAPDeleteFolderRequest.m */; };
		C673587011067E8C004D4928 /* LEPIMAPRenameFolderRequest.h in Headers */ = {isa = PBXBuildFile; fileRef = C673586E11067E8C004D4928 /* LEPIMAPRenameFolderRequest.h */; };
		C673587111067E8C004D4928 /* LEPIMAPRenameFolderRequest.m in Sources */ = {isa = PBXBuildFile; fileRef = C673586F11067E8C004D4928 /* LEPIMAPRenameFolderRequest.m */; };
		C67358DE11068A54004D4928 /* LEPIMAPFetchFolderMessagesRequest.h in Headers */ = {isa = PBXBuildFile; fileRef = C67358DC11068A54004D4928 /* LEPIMAPFetchFolderMessagesRequest.h */; };
		C67358DF11068A54004D4928 /* LEPIMAPFetchFolderMessagesRequest.m in Sources */ = {isa = PBXBuildFile; fileRef = C67358DD11068A54004D4928 /* LEPIMAPFetchFolderMessagesRequest.m */; };
		C673590811068CA5004D4928 /* LEPIMAPSubscribeFolderRequest.h in Headers */ = {isa = PBXBuildFile; fileRef = C673590611068CA5004D4928 /* LEPIMAPSubscribeFolderRequest.h */; };
		C673590911068CA5004D4928 /* LEPIMAPSubscribeFolderRequest.m in Sources */ = {isa = PBXBuildFile; fileRef = C673590711068CA5004D4928 /* LEPIMAPSubscribeFolderRequest.m */; };
		C673590C11068CB0004D4928 /* LEPIMAPUnsubscribeFolderRequest.h in Headers */ = {isa = PBXBuildFile; fileRef = C673590A11068CB0004D4928 /* LEPIMAPUnsubscribeFolderRequest.h */; };
		C673590D11068CB0004D4928 /* LEPIMAPUnsubscribeFolderRequest.m in Sources */ = {isa = PBXBuildFile; fileRef = C673590B11068CB0004D4928 /* LEPIMAPUnsubscribeFolderRequest.m */; };
		C681643F10F3EB6100B07764 /* NSData+LEPUTF8.h in Headers */ = {isa = PBXBuildFile; fileRef = C681643D10F3EB6100B07764 /* NSData+LEPUTF8.h */; };
		C681644010F3EB6100B07764 /* NSData+LEPUTF8.m in Sources */ = {isa = PBXBuildFile; fileRef = C681643E10F3EB6100B07764 /* NSData+LEPUTF8.m */; };
		C681664110F5142D00B07764 /* LEPIMAPAccount.h in Headers */ = {isa = PBXBuildFile; fileRef = C681662C10F5142D00B07764 /* LEPIMAPAccount.h */; };
		C681664210F5142D00B07764 /* LEPIMAPAccount.m in Sources */ = {isa = PBXBuildFile; fileRef = C681662D10F5142D00B07764 /* LEPIMAPAccount.m */; };
		C681664310F5142D00B07764 /* LEPIMAPAttachment.h in Headers */ = {isa = PBXBuildFile; fileRef = C681662E10F5142D00B07764 /* LEPIMAPAttachment.h */; };
		C681664410F5142D00B07764 /* LEPIMAPAttachment.m in Sources */ = {isa = PBXBuildFile; fileRef = C681662F10F5142D00B07764 /* LEPIMAPAttachment.m */; };
		C681664510F5142D00B07764 /* LEPIMAPFetchSubscribedFoldersRequest.h in Headers */ = {isa = PBXBuildFile; fileRef = C681663010F5142D00B07764 /* LEPIMAPFetchSubscribedFoldersRequest.h */; };
		C681664610F5142D00B07764 /* LEPIMAPFetchSubscribedFoldersRequest.m in Sources */ = {isa = PBXBuildFile; fileRef = C681663110F5142D00B07764 /* LEPIMAPFetchSubscribedFoldersRequest.m */; };
		C681664710F5142D00B07764 /* LEPIMAPFolder.h in Headers */ = {isa = PBXBuildFile; fileRef = C681663210F5142D00B07764 /* LEPIMAPFolder.h */; };
		C681664810F5142D00B07764 /* LEPIMAPFolder.m in Sources */ = {isa = PBXBuildFile; fileRef = C681663310F5142D00B07764 /* LEPIMAPFolder.m */; };
		C681664910F5142D00B07764 /* LEPIMAPMessage.h in Headers */ = {isa = PBXBuildFile; fileRef = C681663410F5142D00B07764 /* LEPIMAPMessage.h */; };
		C681664A10F5142D00B07764 /* LEPIMAPMessage.m in Sources */ = {isa = PBXBuildFile; fileRef = C681663510F5142D00B07764 /* LEPIMAPMessage.m */; };
		C681664B10F5142D00B07764 /* LEPIMAPRequest.h in Headers */ = {isa = PBXBuildFile; fileRef = C681663610F5142D00B07764 /* LEPIMAPRequest.h */; };
		C681664C10F5142D00B07764 /* LEPIMAPRequest.m in Sources */ = {isa = PBXBuildFile; fileRef = C681663710F5142D00B07764 /* LEPIMAPRequest.m */; };
		C681664D10F5142D00B07764 /* LEPIMAPSession.h in Headers */ = {isa = PBXBuildFile; fileRef = C681663810F5142D00B07764 /* LEPIMAPSession.h */; };
		C681664E10F5142D00B07764 /* LEPIMAPSession.m in Sources */ = {isa = PBXBuildFile; fileRef = C681663910F5142D00B07764 /* LEPIMAPSession.m */; };
		C681664F10F5142D00B07764 /* LEPSMTPAccount.h in Headers */ = {isa = PBXBuildFile; fileRef = C681663B10F5142D00B07764 /* LEPSMTPAccount.h */; };
		C681665010F5142D00B07764 /* LEPSMTPAccount.m in Sources */ = {isa = PBXBuildFile; fileRef = C681663C10F5142D00B07764 /* LEPSMTPAccount.m */; };
		C681665110F5142D00B07764 /* LEPSMTPRequest.h in Headers */ = {isa = PBXBuildFile; fileRef = C681663D10F5142D00B07764 /* LEPSMTPRequest.h */; };
		C681665210F5142D00B07764 /* LEPSMTPRequest.m in Sources */ = {isa = PBXBuildFile; fileRef = C681663E10F5142D00B07764 /* LEPSMTPRequest.m */; };
		C681665310F5142D00B07764 /* LEPSMTPSession.h in Headers */ = {isa = PBXBuildFile; fileRef = C681663F10F5142D00B07764 /* LEPSMTPSession.h */; };
		C681665410F5142D00B07764 /* LEPSMTPSession.m in Sources */ = {isa = PBXBuildFile; fileRef = C681664010F5142D00B07764 /* LEPSMTPSession.m */; };
		C681666F10F5E6CB00B07764 /* LEPIMAPSessionPrivate.h in Headers */ = {isa = PBXBuildFile; fileRef = C681666E10F5E6CB00B07764 /* LEPIMAPSessionPrivate.h */; };
		C6E572451103998300897274 /* LEPError.h in Headers */ = {isa = PBXBuildFile; fileRef = C6E572441103998300897274 /* LEPError.h */; };
		C6E572541103E2D200897274 /* LEPIMAPAccountPrivate.h in Headers */ = {isa = PBXBuildFile; fileRef = C6E572531103E2D200897274 /* LEPIMAPAccountPrivate.h */; };
		C6E572571103E71700897274 /* LEPIMAPFetchAllFoldersRequest.h in Headers */ = {isa = PBXBuildFile; fileRef = C6E572551103E71700897274 /* LEPIMAPFetchAllFoldersRequest.h */; };
		C6E572581103E71700897274 /* LEPIMAPFetchAllFoldersRequest.m in Sources */ = {isa = PBXBuildFile; fileRef = C6E572561103E71700897274 /* LEPIMAPFetchAllFoldersRequest.m */; };
		C6E5725C1103E73000897274 /* Foundation.framework in Frameworks */ = {isa = PBXBuildFile; fileRef = 0867D69BFE84028FC02AAC07 /* Foundation.framework */; };
		C6E572F71103F15600897274 /* LEPIMAPFolderPrivate.h in Headers */ = {isa = PBXBuildFile; fileRef = C6E572F61103F15600897274 /* LEPIMAPFolderPrivate.h */; };
/* End PBXBuildFile section */

/* Begin PBXContainerItemProxy section */
		C63C92B7110372F7006B5066 /* PBXContainerItemProxy */ = {
			isa = PBXContainerItemProxy;
			containerPortal = C63C92AE110372F7006B5066 /* libetpan.xcodeproj */;
			proxyType = 2;
			remoteGlobalIDString = 8DC2EF5B0486A6940098B216;
			remoteInfo = libetpan;
		};
		C63C92B9110372F7006B5066 /* PBXContainerItemProxy */ = {
			isa = PBXContainerItemProxy;
			containerPortal = C63C92AE110372F7006B5066 /* libetpan.xcodeproj */;
			proxyType = 2;
			remoteGlobalIDString = C69AB10A10546FE500F32FBD;
			remoteInfo = "static libetpan";
		};
		C63C92BB110372F7006B5066 /* PBXContainerItemProxy */ = {
			isa = PBXContainerItemProxy;
			containerPortal = C63C92AE110372F7006B5066 /* libetpan.xcodeproj */;
			proxyType = 2;
			remoteGlobalIDString = C6DC660510829E8300FA050B;
			remoteInfo = "static libetpan iphone";
		};
		C63C935811037322006B5066 /* PBXContainerItemProxy */ = {
			isa = PBXContainerItemProxy;
			containerPortal = C63C92AE110372F7006B5066 /* libetpan.xcodeproj */;
			proxyType = 1;
			remoteGlobalIDString = C69AB10910546FE500F32FBD;
			remoteInfo = "static libetpan";
		};
/* End PBXContainerItemProxy section */

/* Begin PBXFileReference section */
		0867D69BFE84028FC02AAC07 /* Foundation.framework */ = {isa = PBXFileReference; lastKnownFileType = wrapper.framework; name = Foundation.framework; path = /System/Library/Frameworks/Foundation.framework; sourceTree = "<absolute>"; };
		0867D6A5FE840307C02AAC07 /* AppKit.framework */ = {isa = PBXFileReference; lastKnownFileType = wrapper.framework; name = AppKit.framework; path = /System/Library/Frameworks/AppKit.framework; sourceTree = "<absolute>"; };
		089C1667FE841158C02AAC07 /* English */ = {isa = PBXFileReference; fileEncoding = 4; lastKnownFileType = text.plist.strings; name = English; path = English.lproj/InfoPlist.strings; sourceTree = "<group>"; };
		1058C7B1FEA5585E11CA2CBB /* Cocoa.framework */ = {isa = PBXFileReference; lastKnownFileType = wrapper.framework; name = Cocoa.framework; path = /System/Library/Frameworks/Cocoa.framework; sourceTree = "<absolute>"; };
		32DBCF5E0370ADEE00C91783 /* etPanKit_Prefix.pch */ = {isa = PBXFileReference; fileEncoding = 4; lastKnownFileType = sourcecode.c.h; path = etPanKit_Prefix.pch; sourceTree = "<group>"; };
		8DC2EF5A0486A6940098B216 /* Info.plist */ = {isa = PBXFileReference; fileEncoding = 4; lastKnownFileType = text.plist.xml; path = Info.plist; sourceTree = "<group>"; };
		8DC2EF5B0486A6940098B216 /* etPanKit.framework */ = {isa = PBXFileReference; explicitFileType = wrapper.framework; includeInIndex = 0; path = etPanKit.framework; sourceTree = BUILT_PRODUCTS_DIR; };
		C62200C810F1559A00A207C0 /* LEPAbstractAttachment.m */ = {isa = PBXFileReference; fileEncoding = 4; lastKnownFileType = sourcecode.c.objc; path = LEPAbstractAttachment.m; sourceTree = "<group>"; };
		C62200CA10F155A300A207C0 /* LEPAbstractMessage.m */ = {isa = PBXFileReference; fileEncoding = 4; lastKnownFileType = sourcecode.c.objc; path = LEPAbstractMessage.m; sourceTree = "<group>"; };
		C62200CC10F155AE00A207C0 /* LEPAttachment.m */ = {isa = PBXFileReference; fileEncoding = 4; lastKnownFileType = sourcecode.c.objc; path = LEPAttachment.m; sourceTree = "<group>"; };
		C62200F910F1588B00A207C0 /* LEPMessage.m */ = {isa = PBXFileReference; fileEncoding = 4; lastKnownFileType = sourcecode.c.objc; path = LEPMessage.m; sourceTree = "<group>"; };
		C622010710F15B8F00A207C0 /* LEPUtils.h */ = {isa = PBXFileReference; fileEncoding = 4; lastKnownFileType = sourcecode.c.h; path = LEPUtils.h; sourceTree = "<group>"; };
		C622010910F1600500A207C0 /* LEPUtils.m */ = {isa = PBXFileReference; fileEncoding = 4; lastKnownFileType = sourcecode.c.objc; path = LEPUtils.m; sourceTree = "<group>"; };
		C622012C10F1650600A207C0 /* LEPConstants.h */ = {isa = PBXFileReference; fileEncoding = 4; lastKnownFileType = sourcecode.c.h; path = LEPConstants.h; sourceTree = "<group>"; };
		C63C92AE110372F7006B5066 /* libetpan.xcodeproj */ = {isa = PBXFileReference; lastKnownFileType = "wrapper.pb-project"; name = libetpan.xcodeproj; path = "Externals/libetpan/build-mac/libetpan.xcodeproj"; sourceTree = "<group>"; };
		C655A77010F11344009E6B45 /* LEPAbstractAttachment.h */ = {isa = PBXFileReference; fileEncoding = 4; lastKnownFileType = sourcecode.c.h; path = LEPAbstractAttachment.h; sourceTree = "<group>"; };
		C655A77110F11344009E6B45 /* LEPAbstractMessage.h */ = {isa = PBXFileReference; fileEncoding = 4; lastKnownFileType = sourcecode.c.h; path = LEPAbstractMessage.h; sourceTree = "<group>"; };
		C655A77210F11344009E6B45 /* LEPAttachment.h */ = {isa = PBXFileReference; fileEncoding = 4; lastKnownFileType = sourcecode.c.h; path = LEPAttachment.h; sourceTree = "<group>"; };
		C655A77810F11344009E6B45 /* LEPMessage.h */ = {isa = PBXFileReference; fileEncoding = 4; lastKnownFileType = sourcecode.c.h; path = LEPMessage.h; sourceTree = "<group>"; };
		C673582F11067D07004D4928 /* LEPIMAPCreateFolderRequest.h */ = {isa = PBXFileReference; fileEncoding = 4; lastKnownFileType = sourcecode.c.h; path = LEPIMAPCreateFolderRequest.h; sourceTree = "<group>"; };
		C673583011067D07004D4928 /* LEPIMAPCreateFolderRequest.m */ = {isa = PBXFileReference; fileEncoding = 4; lastKnownFileType = sourcecode.c.objc; path = LEPIMAPCreateFolderRequest.m; sourceTree = "<group>"; };
		C673586A11067E32004D4928 /* LEPIMAPDeleteFolderRequest.h */ = {isa = PBXFileReference; fileEncoding = 4; lastKnownFileType = sourcecode.c.h; path = LEPIMAPDeleteFolderRequest.h; sourceTree = "<group>"; };
		C673586B11067E32004D4928 /* LEPIMAPDeleteFolderRequest.m */ = {isa = PBXFileReference; fileEncoding = 4; lastKnownFileType = sourcecode.c.objc; path = LEPIMAPDeleteFolderRequest.m; sourceTree = "<group>"; };
		C673586E11067E8C004D4928 /* LEPIMAPRenameFolderRequest.h */ = {isa = PBXFileReference; fileEncoding = 4; lastKnownFileType = sourcecode.c.h; path = LEPIMAPRenameFolderRequest.h; sourceTree = "<group>"; };
		C673586F11067E8C004D4928 /* LEPIMAPRenameFolderRequest.m */ = {isa = PBXFileReference; fileEncoding = 4; lastKnownFileType = sourcecode.c.objc; path = LEPIMAPRenameFolderRequest.m; sourceTree = "<group>"; };
		C67358DC11068A54004D4928 /* LEPIMAPFetchFolderMessagesRequest.h */ = {isa = PBXFileReference; fileEncoding = 4; lastKnownFileType = sourcecode.c.h; path = LEPIMAPFetchFolderMessagesRequest.h; sourceTree = "<group>"; };
		C67358DD11068A54004D4928 /* LEPIMAPFetchFolderMessagesRequest.m */ = {isa = PBXFileReference; fileEncoding = 4; lastKnownFileType = sourcecode.c.objc; path = LEPIMAPFetchFolderMessagesRequest.m; sourceTree = "<group>"; };
		C673590611068CA5004D4928 /* LEPIMAPSubscribeFolderRequest.h */ = {isa = PBXFileReference; fileEncoding = 4; lastKnownFileType = sourcecode.c.h; path = LEPIMAPSubscribeFolderRequest.h; sourceTree = "<group>"; };
		C673590711068CA5004D4928 /* LEPIMAPSubscribeFolderRequest.m */ = {isa = PBXFileReference; fileEncoding = 4; lastKnownFileType = sourcecode.c.objc; path = LEPIMAPSubscribeFolderRequest.m; sourceTree = "<group>"; };
		C673590A11068CB0004D4928 /* LEPIMAPUnsubscribeFolderRequest.h */ = {isa = PBXFileReference; fileEncoding = 4; lastKnownFileType = sourcecode.c.h; path = LEPIMAPUnsubscribeFolderRequest.h; sourceTree = "<group>"; };
		C673590B11068CB0004D4928 /* LEPIMAPUnsubscribeFolderRequest.m */ = {isa = PBXFileReference; fileEncoding = 4; lastKnownFileType = sourcecode.c.objc; path = LEPIMAPUnsubscribeFolderRequest.m; sourceTree = "<group>"; };
		C681643D10F3EB6100B07764 /* NSData+LEPUTF8.h */ = {isa = PBXFileReference; fileEncoding = 4; lastKnownFileType = sourcecode.c.h; path = "NSData+LEPUTF8.h"; sourceTree = "<group>"; };
		C681643E10F3EB6100B07764 /* NSData+LEPUTF8.m */ = {isa = PBXFileReference; fileEncoding = 4; lastKnownFileType = sourcecode.c.objc; path = "NSData+LEPUTF8.m"; sourceTree = "<group>"; };
		C681662C10F5142D00B07764 /* LEPIMAPAccount.h */ = {isa = PBXFileReference; fileEncoding = 4; lastKnownFileType = sourcecode.c.h; path = LEPIMAPAccount.h; sourceTree = "<group>"; };
		C681662D10F5142D00B07764 /* LEPIMAPAccount.m */ = {isa = PBXFileReference; fileEncoding = 4; lastKnownFileType = sourcecode.c.objc; path = LEPIMAPAccount.m; sourceTree = "<group>"; };
		C681662E10F5142D00B07764 /* LEPIMAPAttachment.h */ = {isa = PBXFileReference; fileEncoding = 4; lastKnownFileType = sourcecode.c.h; path = LEPIMAPAttachment.h; sourceTree = "<group>"; };
		C681662F10F5142D00B07764 /* LEPIMAPAttachment.m */ = {isa = PBXFileReference; fileEncoding = 4; lastKnownFileType = sourcecode.c.objc; path = LEPIMAPAttachment.m; sourceTree = "<group>"; };
		C681663010F5142D00B07764 /* LEPIMAPFetchSubscribedFoldersRequest.h */ = {isa = PBXFileReference; fileEncoding = 4; lastKnownFileType = sourcecode.c.h; path = LEPIMAPFetchSubscribedFoldersRequest.h; sourceTree = "<group>"; };
		C681663110F5142D00B07764 /* LEPIMAPFetchSubscribedFoldersRequest.m */ = {isa = PBXFileReference; fileEncoding = 4; lastKnownFileType = sourcecode.c.objc; path = LEPIMAPFetchSubscribedFoldersRequest.m; sourceTree = "<group>"; };
		C681663210F5142D00B07764 /* LEPIMAPFolder.h */ = {isa = PBXFileReference; fileEncoding = 4; lastKnownFileType = sourcecode.c.h; path = LEPIMAPFolder.h; sourceTree = "<group>"; };
		C681663310F5142D00B07764 /* LEPIMAPFolder.m */ = {isa = PBXFileReference; fileEncoding = 4; lastKnownFileType = sourcecode.c.objc; path = LEPIMAPFolder.m; sourceTree = "<group>"; };
		C681663410F5142D00B07764 /* LEPIMAPMessage.h */ = {isa = PBXFileReference; fileEncoding = 4; lastKnownFileType = sourcecode.c.h; path = LEPIMAPMessage.h; sourceTree = "<group>"; };
		C681663510F5142D00B07764 /* LEPIMAPMessage.m */ = {isa = PBXFileReference; fileEncoding = 4; lastKnownFileType = sourcecode.c.objc; path = LEPIMAPMessage.m; sourceTree = "<group>"; };
		C681663610F5142D00B07764 /* LEPIMAPRequest.h */ = {isa = PBXFileReference; fileEncoding = 4; lastKnownFileType = sourcecode.c.h; path = LEPIMAPRequest.h; sourceTree = "<group>"; };
		C681663710F5142D00B07764 /* LEPIMAPRequest.m */ = {isa = PBXFileReference; fileEncoding = 4; lastKnownFileType = sourcecode.c.objc; path = LEPIMAPRequest.m; sourceTree = "<group>"; };
		C681663810F5142D00B07764 /* LEPIMAPSession.h */ = {isa = PBXFileReference; fileEncoding = 4; lastKnownFileType = sourcecode.c.h; path = LEPIMAPSession.h; sourceTree = "<group>"; };
		C681663910F5142D00B07764 /* LEPIMAPSession.m */ = {isa = PBXFileReference; fileEncoding = 4; lastKnownFileType = sourcecode.c.objc; path = LEPIMAPSession.m; sourceTree = "<group>"; };
		C681663B10F5142D00B07764 /* LEPSMTPAccount.h */ = {isa = PBXFileReference; fileEncoding = 4; lastKnownFileType = sourcecode.c.h; path = LEPSMTPAccount.h; sourceTree = "<group>"; };
		C681663C10F5142D00B07764 /* LEPSMTPAccount.m */ = {isa = PBXFileReference; fileEncoding = 4; lastKnownFileType = sourcecode.c.objc; path = LEPSMTPAccount.m; sourceTree = "<group>"; };
		C681663D10F5142D00B07764 /* LEPSMTPRequest.h */ = {isa = PBXFileReference; fileEncoding = 4; lastKnownFileType = sourcecode.c.h; path = LEPSMTPRequest.h; sourceTree = "<group>"; };
		C681663E10F5142D00B07764 /* LEPSMTPRequest.m */ = {isa = PBXFileReference; fileEncoding = 4; lastKnownFileType = sourcecode.c.objc; path = LEPSMTPRequest.m; sourceTree = "<group>"; };
		C681663F10F5142D00B07764 /* LEPSMTPSession.h */ = {isa = PBXFileReference; fileEncoding = 4; lastKnownFileType = sourcecode.c.h; path = LEPSMTPSession.h; sourceTree = "<group>"; };
		C681664010F5142D00B07764 /* LEPSMTPSession.m */ = {isa = PBXFileReference; fileEncoding = 4; lastKnownFileType = sourcecode.c.objc; path = LEPSMTPSession.m; sourceTree = "<group>"; };
		C681666E10F5E6CB00B07764 /* LEPIMAPSessionPrivate.h */ = {isa = PBXFileReference; fileEncoding = 4; lastKnownFileType = sourcecode.c.h; path = LEPIMAPSessionPrivate.h; sourceTree = "<group>"; };
		C6E572441103998300897274 /* LEPError.h */ = {isa = PBXFileReference; fileEncoding = 4; lastKnownFileType = sourcecode.c.h; path = LEPError.h; sourceTree = "<group>"; };
		C6E572531103E2D200897274 /* LEPIMAPAccountPrivate.h */ = {isa = PBXFileReference; fileEncoding = 4; lastKnownFileType = sourcecode.c.h; path = LEPIMAPAccountPrivate.h; sourceTree = "<group>"; };
		C6E572551103E71700897274 /* LEPIMAPFetchAllFoldersRequest.h */ = {isa = PBXFileReference; fileEncoding = 4; lastKnownFileType = sourcecode.c.h; path = LEPIMAPFetchAllFoldersRequest.h; sourceTree = "<group>"; };
		C6E572561103E71700897274 /* LEPIMAPFetchAllFoldersRequest.m */ = {isa = PBXFileReference; fileEncoding = 4; lastKnownFileType = sourcecode.c.objc; path = LEPIMAPFetchAllFoldersRequest.m; sourceTree = "<group>"; };
		C6E572F61103F15600897274 /* LEPIMAPFolderPrivate.h */ = {isa = PBXFileReference; fileEncoding = 4; lastKnownFileType = sourcecode.c.h; path = LEPIMAPFolderPrivate.h; sourceTree = "<group>"; };
		D2F7E79907B2D74100F64583 /* CoreData.framework */ = {isa = PBXFileReference; lastKnownFileType = wrapper.framework; name = CoreData.framework; path = /System/Library/Frameworks/CoreData.framework; sourceTree = "<absolute>"; };
/* End PBXFileReference section */

/* Begin PBXFrameworksBuildPhase section */
		8DC2EF560486A6940098B216 /* Frameworks */ = {
			isa = PBXFrameworksBuildPhase;
			buildActionMask = 2147483647;
			files = (
				C63C935611037309006B5066 /* libetpan.a in Frameworks */,
				C6E5725C1103E73000897274 /* Foundation.framework in Frameworks */,
			);
			runOnlyForDeploymentPostprocessing = 0;
		};
/* End PBXFrameworksBuildPhase section */

/* Begin PBXGroup section */
		034768DFFF38A50411DB9C8B /* Products */ = {
			isa = PBXGroup;
			children = (
				8DC2EF5B0486A6940098B216 /* etPanKit.framework */,
			);
			name = Products;
			sourceTree = "<group>";
		};
		0867D691FE84028FC02AAC07 /* etPanKit */ = {
			isa = PBXGroup;
			children = (
				C63C92BD110372FA006B5066 /* Externals */,
				C655A76610F11344009E6B45 /* Source */,
				32C88DFF0371C24200C91783 /* Other Sources */,
				089C1665FE841158C02AAC07 /* Resources */,
				0867D69AFE84028FC02AAC07 /* External Frameworks and Libraries */,
				034768DFFF38A50411DB9C8B /* Products */,
			);
			name = etPanKit;
			sourceTree = "<group>";
		};
		0867D69AFE84028FC02AAC07 /* External Frameworks and Libraries */ = {
			isa = PBXGroup;
			children = (
				1058C7B0FEA5585E11CA2CBB /* Linked Frameworks */,
				1058C7B2FEA5585E11CA2CBB /* Other Frameworks */,
			);
			name = "External Frameworks and Libraries";
			sourceTree = "<group>";
		};
		089C1665FE841158C02AAC07 /* Resources */ = {
			isa = PBXGroup;
			children = (
				8DC2EF5A0486A6940098B216 /* Info.plist */,
				089C1666FE841158C02AAC07 /* InfoPlist.strings */,
			);
			name = Resources;
			sourceTree = "<group>";
		};
		1058C7B0FEA5585E11CA2CBB /* Linked Frameworks */ = {
			isa = PBXGroup;
			children = (
				1058C7B1FEA5585E11CA2CBB /* Cocoa.framework */,
			);
			name = "Linked Frameworks";
			sourceTree = "<group>";
		};
		1058C7B2FEA5585E11CA2CBB /* Other Frameworks */ = {
			isa = PBXGroup;
			children = (
				0867D6A5FE840307C02AAC07 /* AppKit.framework */,
				D2F7E79907B2D74100F64583 /* CoreData.framework */,
				0867D69BFE84028FC02AAC07 /* Foundation.framework */,
			);
			name = "Other Frameworks";
			sourceTree = "<group>";
		};
		32C88DFF0371C24200C91783 /* Other Sources */ = {
			isa = PBXGroup;
			children = (
				32DBCF5E0370ADEE00C91783 /* etPanKit_Prefix.pch */,
			);
			name = "Other Sources";
			sourceTree = "<group>";
		};
		C63C92AF110372F7006B5066 /* Products */ = {
			isa = PBXGroup;
			children = (
				C63C92B8110372F7006B5066 /* libetpan.framework */,
				C63C92BA110372F7006B5066 /* libetpan.a */,
				C63C92BC110372F7006B5066 /* libetpan-iphone.a */,
			);
			name = Products;
			sourceTree = "<group>";
		};
		C63C92BD110372FA006B5066 /* Externals */ = {
			isa = PBXGroup;
			children = (
				C63C92AE110372F7006B5066 /* libetpan.xcodeproj */,
			);
			name = Externals;
			sourceTree = "<group>";
		};
		C655A76610F11344009E6B45 /* Source */ = {
			isa = PBXGroup;
			children = (
				C681662B10F5142D00B07764 /* imap */,
				C681663A10F5142D00B07764 /* smtp */,
				C655A77010F11344009E6B45 /* LEPAbstractAttachment.h */,
				C62200C810F1559A00A207C0 /* LEPAbstractAttachment.m */,
				C655A77110F11344009E6B45 /* LEPAbstractMessage.h */,
				C62200CA10F155A300A207C0 /* LEPAbstractMessage.m */,
				C655A77210F11344009E6B45 /* LEPAttachment.h */,
				C62200CC10F155AE00A207C0 /* LEPAttachment.m */,
				C622012C10F1650600A207C0 /* LEPConstants.h */,
				C655A77810F11344009E6B45 /* LEPMessage.h */,
				C62200F910F1588B00A207C0 /* LEPMessage.m */,
				C622010710F15B8F00A207C0 /* LEPUtils.h */,
				C622010910F1600500A207C0 /* LEPUtils.m */,
				C681643D10F3EB6100B07764 /* NSData+LEPUTF8.h */,
				C681643E10F3EB6100B07764 /* NSData+LEPUTF8.m */,
				C6E572441103998300897274 /* LEPError.h */,
			);
			path = Source;
			sourceTree = "<group>";
		};
		C681662B10F5142D00B07764 /* imap */ = {
			isa = PBXGroup;
			children = (
				C681662C10F5142D00B07764 /* LEPIMAPAccount.h */,
				C681662D10F5142D00B07764 /* LEPIMAPAccount.m */,
				C6E572531103E2D200897274 /* LEPIMAPAccountPrivate.h */,
				C681662E10F5142D00B07764 /* LEPIMAPAttachment.h */,
				C681662F10F5142D00B07764 /* LEPIMAPAttachment.m */,
				C673582F11067D07004D4928 /* LEPIMAPCreateFolderRequest.h */,
				C673583011067D07004D4928 /* LEPIMAPCreateFolderRequest.m */,
				C673586A11067E32004D4928 /* LEPIMAPDeleteFolderRequest.h */,
				C673586B11067E32004D4928 /* LEPIMAPDeleteFolderRequest.m */,
				C6E572551103E71700897274 /* LEPIMAPFetchAllFoldersRequest.h */,
				C6E572561103E71700897274 /* LEPIMAPFetchAllFoldersRequest.m */,
				C681663010F5142D00B07764 /* LEPIMAPFetchSubscribedFoldersRequest.h */,
				C681663110F5142D00B07764 /* LEPIMAPFetchSubscribedFoldersRequest.m */,
				C673586E11067E8C004D4928 /* LEPIMAPRenameFolderRequest.h */,
				C673586F11067E8C004D4928 /* LEPIMAPRenameFolderRequest.m */,
				C673590611068CA5004D4928 /* LEPIMAPSubscribeFolderRequest.h */,
				C673590711068CA5004D4928 /* LEPIMAPSubscribeFolderRequest.m */,
				C673590A11068CB0004D4928 /* LEPIMAPUnsubscribeFolderRequest.h */,
				C673590B11068CB0004D4928 /* LEPIMAPUnsubscribeFolderRequest.m */,
				C681663210F5142D00B07764 /* LEPIMAPFolder.h */,
				C681663310F5142D00B07764 /* LEPIMAPFolder.m */,
				C67358DC11068A54004D4928 /* LEPIMAPFetchFolderMessagesRequest.h */,
				C67358DD11068A54004D4928 /* LEPIMAPFetchFolderMessagesRequest.m */,
				C6E572F61103F15600897274 /* LEPIMAPFolderPrivate.h */,
				C681663410F5142D00B07764 /* LEPIMAPMessage.h */,
				C681663510F5142D00B07764 /* LEPIMAPMessage.m */,
				C681663610F5142D00B07764 /* LEPIMAPRequest.h */,
				C681663710F5142D00B07764 /* LEPIMAPRequest.m */,
				C681663810F5142D00B07764 /* LEPIMAPSession.h */,
				C681663910F5142D00B07764 /* LEPIMAPSession.m */,
				C681666E10F5E6CB00B07764 /* LEPIMAPSessionPrivate.h */,
			);
			path = imap;
			sourceTree = "<group>";
		};
		C681663A10F5142D00B07764 /* smtp */ = {
			isa = PBXGroup;
			children = (
				C681663B10F5142D00B07764 /* LEPSMTPAccount.h */,
				C681663C10F5142D00B07764 /* LEPSMTPAccount.m */,
				C681663D10F5142D00B07764 /* LEPSMTPRequest.h */,
				C681663E10F5142D00B07764 /* LEPSMTPRequest.m */,
				C681663F10F5142D00B07764 /* LEPSMTPSession.h */,
				C681664010F5142D00B07764 /* LEPSMTPSession.m */,
			);
			path = smtp;
			sourceTree = "<group>";
		};
/* End PBXGroup section */

/* Begin PBXHeadersBuildPhase section */
		8DC2EF500486A6940098B216 /* Headers */ = {
			isa = PBXHeadersBuildPhase;
			buildActionMask = 2147483647;
			files = (
				C655A78210F11344009E6B45 /* LEPAbstractAttachment.h in Headers */,
				C655A78310F11344009E6B45 /* LEPAbstractMessage.h in Headers */,
				C655A78410F11344009E6B45 /* LEPAttachment.h in Headers */,
				C655A78A10F11344009E6B45 /* LEPMessage.h in Headers */,
				C622010810F15B8F00A207C0 /* LEPUtils.h in Headers */,
				C622012D10F1650600A207C0 /* LEPConstants.h in Headers */,
				C681643F10F3EB6100B07764 /* NSData+LEPUTF8.h in Headers */,
				C681664110F5142D00B07764 /* LEPIMAPAccount.h in Headers */,
				C681664310F5142D00B07764 /* LEPIMAPAttachment.h in Headers */,
				C681664510F5142D00B07764 /* LEPIMAPFetchSubscribedFoldersRequest.h in Headers */,
				C681664710F5142D00B07764 /* LEPIMAPFolder.h in Headers */,
				C681664910F5142D00B07764 /* LEPIMAPMessage.h in Headers */,
				C681664B10F5142D00B07764 /* LEPIMAPRequest.h in Headers */,
				C681664D10F5142D00B07764 /* LEPIMAPSession.h in Headers */,
				C681664F10F5142D00B07764 /* LEPSMTPAccount.h in Headers */,
				C681665110F5142D00B07764 /* LEPSMTPRequest.h in Headers */,
				C681665310F5142D00B07764 /* LEPSMTPSession.h in Headers */,
				C681666F10F5E6CB00B07764 /* LEPIMAPSessionPrivate.h in Headers */,
				C6E572451103998300897274 /* LEPError.h in Headers */,
				C6E572541103E2D200897274 /* LEPIMAPAccountPrivate.h in Headers */,
				C6E572571103E71700897274 /* LEPIMAPFetchAllFoldersRequest.h in Headers */,
				C6E572F71103F15600897274 /* LEPIMAPFolderPrivate.h in Headers */,
				C673583111067D07004D4928 /* LEPIMAPCreateFolderRequest.h in Headers */,
				C673586C11067E32004D4928 /* LEPIMAPDeleteFolderRequest.h in Headers */,
				C673587011067E8C004D4928 /* LEPIMAPRenameFolderRequest.h in Headers */,
				C67358DE11068A54004D4928 /* LEPIMAPFetchFolderMessagesRequest.h in Headers */,
				C673590811068CA5004D4928 /* LEPIMAPSubscribeFolderRequest.h in Headers */,
				C673590C11068CB0004D4928 /* LEPIMAPUnsubscribeFolderRequest.h in Headers */,
			);
			runOnlyForDeploymentPostprocessing = 0;
		};
/* End PBXHeadersBuildPhase section */

/* Begin PBXNativeTarget section */
		8DC2EF4F0486A6940098B216 /* etPanKit */ = {
			isa = PBXNativeTarget;
			buildConfigurationList = 1DEB91AD08733DA50010E9CD /* Build configuration list for PBXNativeTarget "etPanKit" */;
			buildPhases = (
				8DC2EF500486A6940098B216 /* Headers */,
				8DC2EF520486A6940098B216 /* Resources */,
				8DC2EF540486A6940098B216 /* Sources */,
				8DC2EF560486A6940098B216 /* Frameworks */,
			);
			buildRules = (
			);
			dependencies = (
				C63C935911037322006B5066 /* PBXTargetDependency */,
			);
			name = etPanKit;
			productInstallPath = "$(HOME)/Library/Frameworks";
			productName = etPanKit;
			productReference = 8DC2EF5B0486A6940098B216 /* etPanKit.framework */;
			productType = "com.apple.product-type.framework";
		};
/* End PBXNativeTarget section */

/* Begin PBXProject section */
		0867D690FE84028FC02AAC07 /* Project object */ = {
			isa = PBXProject;
			buildConfigurationList = 1DEB91B108733DA50010E9CD /* Build configuration list for PBXProject "etPanKit" */;
			compatibilityVersion = "Xcode 3.1";
			hasScannedForEncodings = 1;
			mainGroup = 0867D691FE84028FC02AAC07 /* etPanKit */;
			productRefGroup = 034768DFFF38A50411DB9C8B /* Products */;
			projectDirPath = "";
			projectReferences = (
				{
					ProductGroup = C63C92AF110372F7006B5066 /* Products */;
					ProjectRef = C63C92AE110372F7006B5066 /* libetpan.xcodeproj */;
				},
			);
			projectRoot = "";
			targets = (
				8DC2EF4F0486A6940098B216 /* etPanKit */,
			);
		};
/* End PBXProject section */

/* Begin PBXReferenceProxy section */
		C63C92B8110372F7006B5066 /* libetpan.framework */ = {
			isa = PBXReferenceProxy;
			fileType = wrapper.framework;
			path = libetpan.framework;
			remoteRef = C63C92B7110372F7006B5066 /* PBXContainerItemProxy */;
			sourceTree = BUILT_PRODUCTS_DIR;
		};
		C63C92BA110372F7006B5066 /* libetpan.a */ = {
			isa = PBXReferenceProxy;
			fileType = archive.ar;
			path = libetpan.a;
			remoteRef = C63C92B9110372F7006B5066 /* PBXContainerItemProxy */;
			sourceTree = BUILT_PRODUCTS_DIR;
		};
		C63C92BC110372F7006B5066 /* libetpan-iphone.a */ = {
			isa = PBXReferenceProxy;
			fileType = archive.ar;
			path = "libetpan-iphone.a";
			remoteRef = C63C92BB110372F7006B5066 /* PBXContainerItemProxy */;
			sourceTree = BUILT_PRODUCTS_DIR;
		};
/* End PBXReferenceProxy section */

/* Begin PBXResourcesBuildPhase section */
		8DC2EF520486A6940098B216 /* Resources */ = {
			isa = PBXResourcesBuildPhase;
			buildActionMask = 2147483647;
			files = (
				8DC2EF530486A6940098B216 /* InfoPlist.strings in Resources */,
			);
			runOnlyForDeploymentPostprocessing = 0;
		};
/* End PBXResourcesBuildPhase section */

/* Begin PBXSourcesBuildPhase section */
		8DC2EF540486A6940098B216 /* Sources */ = {
			isa = PBXSourcesBuildPhase;
			buildActionMask = 2147483647;
			files = (
				C62200C910F1559A00A207C0 /* LEPAbstractAttachment.m in Sources */,
				C62200CB10F155A300A207C0 /* LEPAbstractMessage.m in Sources */,
				C62200CD10F155AE00A207C0 /* LEPAttachment.m in Sources */,
				C62200FA10F1588B00A207C0 /* LEPMessage.m in Sources */,
				C622010A10F1600500A207C0 /* LEPUtils.m in Sources */,
				C681644010F3EB6100B07764 /* NSData+LEPUTF8.m in Sources */,
				C681664210F5142D00B07764 /* LEPIMAPAccount.m in Sources */,
				C681664410F5142D00B07764 /* LEPIMAPAttachment.m in Sources */,
				C681664610F5142D00B07764 /* LEPIMAPFetchSubscribedFoldersRequest.m in Sources */,
				C681664810F5142D00B07764 /* LEPIMAPFolder.m in Sources */,
				C681664A10F5142D00B07764 /* LEPIMAPMessage.m in Sources */,
				C681664C10F5142D00B07764 /* LEPIMAPRequest.m in Sources */,
				C681664E10F5142D00B07764 /* LEPIMAPSession.m in Sources */,
				C681665010F5142D00B07764 /* LEPSMTPAccount.m in Sources */,
				C681665210F5142D00B07764 /* LEPSMTPRequest.m in Sources */,
				C681665410F5142D00B07764 /* LEPSMTPSession.m in Sources */,
				C6E572581103E71700897274 /* LEPIMAPFetchAllFoldersRequest.m in Sources */,
				C673583211067D07004D4928 /* LEPIMAPCreateFolderRequest.m in Sources */,
				C673586D11067E32004D4928 /* LEPIMAPDeleteFolderRequest.m in Sources */,
				C673587111067E8C004D4928 /* LEPIMAPRenameFolderRequest.m in Sources */,
				C67358DF11068A54004D4928 /* LEPIMAPFetchFolderMessagesRequest.m in Sources */,
				C673590911068CA5004D4928 /* LEPIMAPSubscribeFolderRequest.m in Sources */,
				C673590D11068CB0004D4928 /* LEPIMAPUnsubscribeFolderRequest.m in Sources */,
			);
			runOnlyForDeploymentPostprocessing = 0;
		};
/* End PBXSourcesBuildPhase section */

/* Begin PBXTargetDependency section */
		C63C935911037322006B5066 /* PBXTargetDependency */ = {
			isa = PBXTargetDependency;
			name = "static libetpan";
			targetProxy = C63C935811037322006B5066 /* PBXContainerItemProxy */;
		};
/* End PBXTargetDependency section */

/* Begin PBXVariantGroup section */
		089C1666FE841158C02AAC07 /* InfoPlist.strings */ = {
			isa = PBXVariantGroup;
			children = (
				089C1667FE841158C02AAC07 /* English */,
			);
			name = InfoPlist.strings;
			sourceTree = "<group>";
		};
/* End PBXVariantGroup section */

/* Begin XCBuildConfiguration section */
		1DEB91AE08733DA50010E9CD /* Debug */ = {
			isa = XCBuildConfiguration;
			buildSettings = {
				ALWAYS_SEARCH_USER_PATHS = NO;
				COPY_PHASE_STRIP = NO;
				DYLIB_COMPATIBILITY_VERSION = 1;
				DYLIB_CURRENT_VERSION = 1;
				FRAMEWORK_VERSION = A;
				GCC_DYNAMIC_NO_PIC = NO;
				GCC_ENABLE_FIX_AND_CONTINUE = YES;
				GCC_MODEL_TUNING = G5;
				GCC_OPTIMIZATION_LEVEL = 0;
				GCC_PRECOMPILE_PREFIX_HEADER = YES;
				GCC_PREFIX_HEADER = etPanKit_Prefix.pch;
				INFOPLIST_FILE = Info.plist;
				INSTALL_PATH = "$(HOME)/Library/Frameworks";
				OTHER_LDFLAGS = (
					"-lsasl2",
					"-lssl",
					"-lcrypto",
				);
				PRODUCT_NAME = etPanKit;
				WRAPPER_EXTENSION = framework;
			};
			name = Debug;
		};
		1DEB91AF08733DA50010E9CD /* Release */ = {
			isa = XCBuildConfiguration;
			buildSettings = {
				ALWAYS_SEARCH_USER_PATHS = NO;
				DEBUG_INFORMATION_FORMAT = "dwarf-with-dsym";
				DYLIB_COMPATIBILITY_VERSION = 1;
				DYLIB_CURRENT_VERSION = 1;
				FRAMEWORK_VERSION = A;
				GCC_MODEL_TUNING = G5;
				GCC_PRECOMPILE_PREFIX_HEADER = YES;
				GCC_PREFIX_HEADER = etPanKit_Prefix.pch;
				INFOPLIST_FILE = Info.plist;
				INSTALL_PATH = "$(HOME)/Library/Frameworks";
				OTHER_LDFLAGS = (
					"-lsasl2",
					"-lssl",
					"-lcrypto",
				);
				PRODUCT_NAME = etPanKit;
				WRAPPER_EXTENSION = framework;
			};
			name = Release;
		};
		1DEB91B208733DA50010E9CD /* Debug */ = {
			isa = XCBuildConfiguration;
			buildSettings = {
				ARCHS = "$(ARCHS_STANDARD_32_64_BIT)";
				GCC_C_LANGUAGE_STANDARD = gnu99;
				GCC_OPTIMIZATION_LEVEL = 0;
				GCC_WARN_ABOUT_RETURN_TYPE = YES;
				GCC_WARN_UNUSED_VARIABLE = YES;
				ONLY_ACTIVE_ARCH = YES;
				PREBINDING = NO;
				SDKROOT = macosx10.6;
			};
			name = Debug;
		};
		1DEB91B308733DA50010E9CD /* Release */ = {
			isa = XCBuildConfiguration;
			buildSettings = {
				ARCHS = "$(ARCHS_STANDARD_32_64_BIT)";
				GCC_C_LANGUAGE_STANDARD = gnu99;
				GCC_WARN_ABOUT_RETURN_TYPE = YES;
				GCC_WARN_UNUSED_VARIABLE = YES;
				PREBINDING = NO;
				SDKROOT = macosx10.6;
			};
			name = Release;
		};
/* End XCBuildConfiguration section */

/* Begin XCConfigurationList section */
		1DEB91AD08733DA50010E9CD /* Build configuration list for PBXNativeTarget "etPanKit" */ = {
			isa = XCConfigurationList;
			buildConfigurations = (
				1DEB91AE08733DA50010E9CD /* Debug */,
				1DEB91AF08733DA50010E9CD /* Release */,
			);
			defaultConfigurationIsVisible = 0;
			defaultConfigurationName = Release;
		};
		1DEB91B108733DA50010E9CD /* Build configuration list for PBXProject "etPanKit" */ = {
			isa = XCConfigurationList;
			buildConfigurations = (
				1DEB91B208733DA50010E9CD /* Debug */,
				1DEB91B308733DA50010E9CD /* Release */,
			);
			defaultConfigurationIsVisible = 0;
			defaultConfigurationName = Release;
		};
/* End XCConfigurationList section */
	};
	rootObject = 0867D690FE84028FC02AAC07 /* Project object */;
}
